// !$*UTF8*$!
{
	archiveVersion = 1;
	classes = {
	};
	objectVersion = 55;
	objects = {

/* Begin PBXBuildFile section */
		DA02D5F427E5579300AAECDE /* SwiftyNavigator.docc in Sources */ = {isa = PBXBuildFile; fileRef = DA02D5F327E5579300AAECDE /* SwiftyNavigator.docc */; };
		DA02D5FA27E5579300AAECDE /* SwiftyNavigator.framework in Frameworks */ = {isa = PBXBuildFile; fileRef = DA02D5EF27E5579300AAECDE /* SwiftyNavigator.framework */; };
		DA02D5FF27E5579300AAECDE /* SwiftyNavigatorTests.swift in Sources */ = {isa = PBXBuildFile; fileRef = DA02D5FE27E5579300AAECDE /* SwiftyNavigatorTests.swift */; };
		DA02D60027E5579300AAECDE /* SwiftyNavigator.h in Headers */ = {isa = PBXBuildFile; fileRef = DA02D5F227E5579300AAECDE /* SwiftyNavigator.h */; settings = {ATTRIBUTES = (Public, ); }; };
		DA02D63227E55C9E00AAECDE /* SwiftyAlert.swift in Sources */ = {isa = PBXBuildFile; fileRef = DA02D63127E55C9E00AAECDE /* SwiftyAlert.swift */; };
		DA02D63427E55CE200AAECDE /* SwiftySheet.swift in Sources */ = {isa = PBXBuildFile; fileRef = DA02D63327E55CE200AAECDE /* SwiftySheet.swift */; };
		DA02D63627E55E1100AAECDE /* SwiftyNavigation.swift in Sources */ = {isa = PBXBuildFile; fileRef = DA02D63527E55E1100AAECDE /* SwiftyNavigation.swift */; };
/* End PBXBuildFile section */

/* Begin PBXContainerItemProxy section */
		DA02D5FB27E5579300AAECDE /* PBXContainerItemProxy */ = {
			isa = PBXContainerItemProxy;
			containerPortal = DA02D5E627E5579300AAECDE /* Project object */;
			proxyType = 1;
			remoteGlobalIDString = DA02D5EE27E5579300AAECDE;
			remoteInfo = SwiftyNavigator;
		};
		DA02D62727E55BD900AAECDE /* PBXContainerItemProxy */ = {
			isa = PBXContainerItemProxy;
			containerPortal = DA02D62327E55BD900AAECDE /* Examples.xcodeproj */;
			proxyType = 2;
			remoteGlobalIDString = DA02D61227E55BD800AAECDE;
			remoteInfo = Examples;
		};
/* End PBXContainerItemProxy section */

/* Begin PBXFileReference section */
		DA02D5EF27E5579300AAECDE /* SwiftyNavigator.framework */ = {isa = PBXFileReference; explicitFileType = wrapper.framework; includeInIndex = 0; path = SwiftyNavigator.framework; sourceTree = BUILT_PRODUCTS_DIR; };
		DA02D5F227E5579300AAECDE /* SwiftyNavigator.h */ = {isa = PBXFileReference; lastKnownFileType = sourcecode.c.h; path = SwiftyNavigator.h; sourceTree = "<group>"; };
		DA02D5F327E5579300AAECDE /* SwiftyNavigator.docc */ = {isa = PBXFileReference; lastKnownFileType = folder.documentationcatalog; path = SwiftyNavigator.docc; sourceTree = "<group>"; };
		DA02D5F927E5579300AAECDE /* SwiftyNavigatorTests.xctest */ = {isa = PBXFileReference; explicitFileType = wrapper.cfbundle; includeInIndex = 0; path = SwiftyNavigatorTests.xctest; sourceTree = BUILT_PRODUCTS_DIR; };
		DA02D5FE27E5579300AAECDE /* SwiftyNavigatorTests.swift */ = {isa = PBXFileReference; lastKnownFileType = sourcecode.swift; path = SwiftyNavigatorTests.swift; sourceTree = "<group>"; };
		DA02D62327E55BD900AAECDE /* Examples.xcodeproj */ = {isa = PBXFileReference; lastKnownFileType = "wrapper.pb-project"; name = Examples.xcodeproj; path = Examples/Examples.xcodeproj; sourceTree = "<group>"; };
		DA02D63127E55C9E00AAECDE /* SwiftyAlert.swift */ = {isa = PBXFileReference; lastKnownFileType = sourcecode.swift; path = SwiftyAlert.swift; sourceTree = "<group>"; };
		DA02D63327E55CE200AAECDE /* SwiftySheet.swift */ = {isa = PBXFileReference; lastKnownFileType = sourcecode.swift; path = SwiftySheet.swift; sourceTree = "<group>"; };
		DA02D63527E55E1100AAECDE /* SwiftyNavigation.swift */ = {isa = PBXFileReference; lastKnownFileType = sourcecode.swift; path = SwiftyNavigation.swift; sourceTree = "<group>"; };
/* End PBXFileReference section */

/* Begin PBXFrameworksBuildPhase section */
		DA02D5EC27E5579300AAECDE /* Frameworks */ = {
			isa = PBXFrameworksBuildPhase;
			buildActionMask = 2147483647;
			files = (
			);
			runOnlyForDeploymentPostprocessing = 0;
		};
		DA02D5F627E5579300AAECDE /* Frameworks */ = {
			isa = PBXFrameworksBuildPhase;
			buildActionMask = 2147483647;
			files = (
				DA02D5FA27E5579300AAECDE /* SwiftyNavigator.framework in Frameworks */,
			);
			runOnlyForDeploymentPostprocessing = 0;
		};
/* End PBXFrameworksBuildPhase section */

/* Begin PBXGroup section */
		DA02D5E527E5579300AAECDE = {
			isa = PBXGroup;
			children = (
				DA02D62327E55BD900AAECDE /* Examples.xcodeproj */,
				DA02D5F127E5579300AAECDE /* SwiftyNavigator */,
				DA02D5FD27E5579300AAECDE /* SwiftyNavigatorTests */,
				DA02D5F027E5579300AAECDE /* Products */,
			);
			sourceTree = "<group>";
		};
		DA02D5F027E5579300AAECDE /* Products */ = {
			isa = PBXGroup;
			children = (
				DA02D5EF27E5579300AAECDE /* SwiftyNavigator.framework */,
				DA02D5F927E5579300AAECDE /* SwiftyNavigatorTests.xctest */,
			);
			name = Products;
			sourceTree = "<group>";
		};
		DA02D5F127E5579300AAECDE /* SwiftyNavigator */ = {
			isa = PBXGroup;
			children = (
				DA02D62E27E55C4B00AAECDE /* main */,
				DA02D5F227E5579300AAECDE /* SwiftyNavigator.h */,
				DA02D5F327E5579300AAECDE /* SwiftyNavigator.docc */,
			);
			path = SwiftyNavigator;
			sourceTree = "<group>";
		};
		DA02D5FD27E5579300AAECDE /* SwiftyNavigatorTests */ = {
			isa = PBXGroup;
			children = (
				DA02D5FE27E5579300AAECDE /* SwiftyNavigatorTests.swift */,
			);
			path = SwiftyNavigatorTests;
			sourceTree = "<group>";
		};
		DA02D62427E55BD900AAECDE /* Products */ = {
			isa = PBXGroup;
			children = (
				DA02D62827E55BD900AAECDE /* Examples.app */,
			);
			name = Products;
			sourceTree = "<group>";
		};
		DA02D62E27E55C4B00AAECDE /* main */ = {
			isa = PBXGroup;
			children = (
				DA02D63127E55C9E00AAECDE /* SwiftyAlert.swift */,
				DA02D63327E55CE200AAECDE /* SwiftySheet.swift */,
				DA02D63527E55E1100AAECDE /* SwiftyNavigation.swift */,
			);
			path = main;
			sourceTree = "<group>";
		};
/* End PBXGroup section */

/* Begin PBXHeadersBuildPhase section */
		DA02D5EA27E5579300AAECDE /* Headers */ = {
			isa = PBXHeadersBuildPhase;
			buildActionMask = 2147483647;
			files = (
				DA02D60027E5579300AAECDE /* SwiftyNavigator.h in Headers */,
			);
			runOnlyForDeploymentPostprocessing = 0;
		};
/* End PBXHeadersBuildPhase section */

/* Begin PBXNativeTarget section */
		DA02D5EE27E5579300AAECDE /* SwiftyNavigator */ = {
			isa = PBXNativeTarget;
			buildConfigurationList = DA02D60327E5579300AAECDE /* Build configuration list for PBXNativeTarget "SwiftyNavigator" */;
			buildPhases = (
				DA02D5EA27E5579300AAECDE /* Headers */,
				DA02D5EB27E5579300AAECDE /* Sources */,
				DA02D5EC27E5579300AAECDE /* Frameworks */,
				DA02D5ED27E5579300AAECDE /* Resources */,
			);
			buildRules = (
			);
			dependencies = (
			);
			name = SwiftyNavigator;
			productName = SwiftyNavigator;
			productReference = DA02D5EF27E5579300AAECDE /* SwiftyNavigator.framework */;
			productType = "com.apple.product-type.framework";
		};
		DA02D5F827E5579300AAECDE /* SwiftyNavigatorTests */ = {
			isa = PBXNativeTarget;
			buildConfigurationList = DA02D60627E5579300AAECDE /* Build configuration list for PBXNativeTarget "SwiftyNavigatorTests" */;
			buildPhases = (
				DA02D5F527E5579300AAECDE /* Sources */,
				DA02D5F627E5579300AAECDE /* Frameworks */,
				DA02D5F727E5579300AAECDE /* Resources */,
			);
			buildRules = (
			);
			dependencies = (
				DA02D5FC27E5579300AAECDE /* PBXTargetDependency */,
			);
			name = SwiftyNavigatorTests;
			productName = SwiftyNavigatorTests;
			productReference = DA02D5F927E5579300AAECDE /* SwiftyNavigatorTests.xctest */;
			productType = "com.apple.product-type.bundle.unit-test";
		};
/* End PBXNativeTarget section */

/* Begin PBXProject section */
		DA02D5E627E5579300AAECDE /* Project object */ = {
			isa = PBXProject;
			attributes = {
				BuildIndependentTargetsInParallel = 1;
				LastSwiftUpdateCheck = 1330;
				LastUpgradeCheck = 1330;
				TargetAttributes = {
					DA02D5EE27E5579300AAECDE = {
						CreatedOnToolsVersion = 13.3;
					};
					DA02D5F827E5579300AAECDE = {
						CreatedOnToolsVersion = 13.3;
					};
				};
			};
			buildConfigurationList = DA02D5E927E5579300AAECDE /* Build configuration list for PBXProject "SwiftyNavigator" */;
			compatibilityVersion = "Xcode 13.0";
			developmentRegion = en;
			hasScannedForEncodings = 0;
			knownRegions = (
				en,
				Base,
			);
			mainGroup = DA02D5E527E5579300AAECDE;
			productRefGroup = DA02D5F027E5579300AAECDE /* Products */;
			projectDirPath = "";
			projectReferences = (
				{
					ProductGroup = DA02D62427E55BD900AAECDE /* Products */;
					ProjectRef = DA02D62327E55BD900AAECDE /* Examples.xcodeproj */;
				},
			);
			projectRoot = "";
			targets = (
				DA02D5EE27E5579300AAECDE /* SwiftyNavigator */,
				DA02D5F827E5579300AAECDE /* SwiftyNavigatorTests */,
			);
		};
/* End PBXProject section */

/* Begin PBXReferenceProxy section */
		DA02D62827E55BD900AAECDE /* Examples.app */ = {
			isa = PBXReferenceProxy;
			fileType = wrapper.application;
			path = Examples.app;
			remoteRef = DA02D62727E55BD900AAECDE /* PBXContainerItemProxy */;
			sourceTree = BUILT_PRODUCTS_DIR;
		};
/* End PBXReferenceProxy section */

/* Begin PBXResourcesBuildPhase section */
		DA02D5ED27E5579300AAECDE /* Resources */ = {
			isa = PBXResourcesBuildPhase;
			buildActionMask = 2147483647;
			files = (
			);
			runOnlyForDeploymentPostprocessing = 0;
		};
		DA02D5F727E5579300AAECDE /* Resources */ = {
			isa = PBXResourcesBuildPhase;
			buildActionMask = 2147483647;
			files = (
			);
			runOnlyForDeploymentPostprocessing = 0;
		};
/* End PBXResourcesBuildPhase section */

/* Begin PBXSourcesBuildPhase section */
		DA02D5EB27E5579300AAECDE /* Sources */ = {
			isa = PBXSourcesBuildPhase;
			buildActionMask = 2147483647;
			files = (
				DA02D63227E55C9E00AAECDE /* SwiftyAlert.swift in Sources */,
				DA02D5F427E5579300AAECDE /* SwiftyNavigator.docc in Sources */,
				DA02D63627E55E1100AAECDE /* SwiftyNavigation.swift in Sources */,
				DA02D63427E55CE200AAECDE /* SwiftySheet.swift in Sources */,
			);
			runOnlyForDeploymentPostprocessing = 0;
		};
		DA02D5F527E5579300AAECDE /* Sources */ = {
			isa = PBXSourcesBuildPhase;
			buildActionMask = 2147483647;
			files = (
				DA02D5FF27E5579300AAECDE /* SwiftyNavigatorTests.swift in Sources */,
			);
			runOnlyForDeploymentPostprocessing = 0;
		};
/* End PBXSourcesBuildPhase section */

/* Begin PBXTargetDependency section */
		DA02D5FC27E5579300AAECDE /* PBXTargetDependency */ = {
			isa = PBXTargetDependency;
			target = DA02D5EE27E5579300AAECDE /* SwiftyNavigator */;
			targetProxy = DA02D5FB27E5579300AAECDE /* PBXContainerItemProxy */;
		};
/* End PBXTargetDependency section */

/* Begin XCBuildConfiguration section */
		DA02D60127E5579300AAECDE /* Debug */ = {
			isa = XCBuildConfiguration;
			buildSettings = {
				ALWAYS_SEARCH_USER_PATHS = NO;
				CLANG_ANALYZER_NONNULL = YES;
				CLANG_ANALYZER_NUMBER_OBJECT_CONVERSION = YES_AGGRESSIVE;
				CLANG_CXX_LANGUAGE_STANDARD = "gnu++17";
				CLANG_ENABLE_MODULES = YES;
				CLANG_ENABLE_OBJC_ARC = YES;
				CLANG_ENABLE_OBJC_WEAK = YES;
				CLANG_WARN_BLOCK_CAPTURE_AUTORELEASING = YES;
				CLANG_WARN_BOOL_CONVERSION = YES;
				CLANG_WARN_COMMA = YES;
				CLANG_WARN_CONSTANT_CONVERSION = YES;
				CLANG_WARN_DEPRECATED_OBJC_IMPLEMENTATIONS = YES;
				CLANG_WARN_DIRECT_OBJC_ISA_USAGE = YES_ERROR;
				CLANG_WARN_DOCUMENTATION_COMMENTS = YES;
				CLANG_WARN_EMPTY_BODY = YES;
				CLANG_WARN_ENUM_CONVERSION = YES;
				CLANG_WARN_INFINITE_RECURSION = YES;
				CLANG_WARN_INT_CONVERSION = YES;
				CLANG_WARN_NON_LITERAL_NULL_CONVERSION = YES;
				CLANG_WARN_OBJC_IMPLICIT_RETAIN_SELF = YES;
				CLANG_WARN_OBJC_LITERAL_CONVERSION = YES;
				CLANG_WARN_OBJC_ROOT_CLASS = YES_ERROR;
				CLANG_WARN_QUOTED_INCLUDE_IN_FRAMEWORK_HEADER = YES;
				CLANG_WARN_RANGE_LOOP_ANALYSIS = YES;
				CLANG_WARN_STRICT_PROTOTYPES = YES;
				CLANG_WARN_SUSPICIOUS_MOVE = YES;
				CLANG_WARN_UNGUARDED_AVAILABILITY = YES_AGGRESSIVE;
				CLANG_WARN_UNREACHABLE_CODE = YES;
				CLANG_WARN__DUPLICATE_METHOD_MATCH = YES;
				COPY_PHASE_STRIP = NO;
				CURRENT_PROJECT_VERSION = 1;
				DEBUG_INFORMATION_FORMAT = dwarf;
				ENABLE_STRICT_OBJC_MSGSEND = YES;
				ENABLE_TESTABILITY = YES;
				GCC_C_LANGUAGE_STANDARD = gnu11;
				GCC_DYNAMIC_NO_PIC = NO;
				GCC_NO_COMMON_BLOCKS = YES;
				GCC_OPTIMIZATION_LEVEL = 0;
				GCC_PREPROCESSOR_DEFINITIONS = (
					"DEBUG=1",
					"$(inherited)",
				);
				GCC_WARN_64_TO_32_BIT_CONVERSION = YES;
				GCC_WARN_ABOUT_RETURN_TYPE = YES_ERROR;
				GCC_WARN_UNDECLARED_SELECTOR = YES;
				GCC_WARN_UNINITIALIZED_AUTOS = YES_AGGRESSIVE;
				GCC_WARN_UNUSED_FUNCTION = YES;
				GCC_WARN_UNUSED_VARIABLE = YES;
				IPHONEOS_DEPLOYMENT_TARGET = 15.4;
				MTL_ENABLE_DEBUG_INFO = INCLUDE_SOURCE;
				MTL_FAST_MATH = YES;
				ONLY_ACTIVE_ARCH = YES;
				SDKROOT = iphoneos;
				SWIFT_ACTIVE_COMPILATION_CONDITIONS = DEBUG;
				SWIFT_OPTIMIZATION_LEVEL = "-Onone";
				VERSIONING_SYSTEM = "apple-generic";
				VERSION_INFO_PREFIX = "";
			};
			name = Debug;
		};
		DA02D60227E5579300AAECDE /* Release */ = {
			isa = XCBuildConfiguration;
			buildSettings = {
				ALWAYS_SEARCH_USER_PATHS = NO;
				CLANG_ANALYZER_NONNULL = YES;
				CLANG_ANALYZER_NUMBER_OBJECT_CONVERSION = YES_AGGRESSIVE;
				CLANG_CXX_LANGUAGE_STANDARD = "gnu++17";
				CLANG_ENABLE_MODULES = YES;
				CLANG_ENABLE_OBJC_ARC = YES;
				CLANG_ENABLE_OBJC_WEAK = YES;
				CLANG_WARN_BLOCK_CAPTURE_AUTORELEASING = YES;
				CLANG_WARN_BOOL_CONVERSION = YES;
				CLANG_WARN_COMMA = YES;
				CLANG_WARN_CONSTANT_CONVERSION = YES;
				CLANG_WARN_DEPRECATED_OBJC_IMPLEMENTATIONS = YES;
				CLANG_WARN_DIRECT_OBJC_ISA_USAGE = YES_ERROR;
				CLANG_WARN_DOCUMENTATION_COMMENTS = YES;
				CLANG_WARN_EMPTY_BODY = YES;
				CLANG_WARN_ENUM_CONVERSION = YES;
				CLANG_WARN_INFINITE_RECURSION = YES;
				CLANG_WARN_INT_CONVERSION = YES;
				CLANG_WARN_NON_LITERAL_NULL_CONVERSION = YES;
				CLANG_WARN_OBJC_IMPLICIT_RETAIN_SELF = YES;
				CLANG_WARN_OBJC_LITERAL_CONVERSION = YES;
				CLANG_WARN_OBJC_ROOT_CLASS = YES_ERROR;
				CLANG_WARN_QUOTED_INCLUDE_IN_FRAMEWORK_HEADER = YES;
				CLANG_WARN_RANGE_LOOP_ANALYSIS = YES;
				CLANG_WARN_STRICT_PROTOTYPES = YES;
				CLANG_WARN_SUSPICIOUS_MOVE = YES;
				CLANG_WARN_UNGUARDED_AVAILABILITY = YES_AGGRESSIVE;
				CLANG_WARN_UNREACHABLE_CODE = YES;
				CLANG_WARN__DUPLICATE_METHOD_MATCH = YES;
				COPY_PHASE_STRIP = NO;
				CURRENT_PROJECT_VERSION = 1;
				DEBUG_INFORMATION_FORMAT = "dwarf-with-dsym";
				ENABLE_NS_ASSERTIONS = NO;
				ENABLE_STRICT_OBJC_MSGSEND = YES;
				GCC_C_LANGUAGE_STANDARD = gnu11;
				GCC_NO_COMMON_BLOCKS = YES;
				GCC_WARN_64_TO_32_BIT_CONVERSION = YES;
				GCC_WARN_ABOUT_RETURN_TYPE = YES_ERROR;
				GCC_WARN_UNDECLARED_SELECTOR = YES;
				GCC_WARN_UNINITIALIZED_AUTOS = YES_AGGRESSIVE;
				GCC_WARN_UNUSED_FUNCTION = YES;
				GCC_WARN_UNUSED_VARIABLE = YES;
				IPHONEOS_DEPLOYMENT_TARGET = 15.4;
				MTL_ENABLE_DEBUG_INFO = NO;
				MTL_FAST_MATH = YES;
				SDKROOT = iphoneos;
				SWIFT_COMPILATION_MODE = wholemodule;
				SWIFT_OPTIMIZATION_LEVEL = "-O";
				VALIDATE_PRODUCT = YES;
				VERSIONING_SYSTEM = "apple-generic";
				VERSION_INFO_PREFIX = "";
			};
			name = Release;
		};
		DA02D60427E5579300AAECDE /* Debug */ = {
			isa = XCBuildConfiguration;
			buildSettings = {
				CODE_SIGN_STYLE = Automatic;
				CURRENT_PROJECT_VERSION = 1;
				DEFINES_MODULE = YES;
				DEVELOPMENT_TEAM = GTYP9QNGLH;
				DYLIB_COMPATIBILITY_VERSION = 1;
				DYLIB_CURRENT_VERSION = 1;
				DYLIB_INSTALL_NAME_BASE = "@rpath";
				GENERATE_INFOPLIST_FILE = YES;
				INFOPLIST_KEY_NSHumanReadableCopyright = "";
				INSTALL_PATH = "$(LOCAL_LIBRARY_DIR)/Frameworks";
				IPHONEOS_DEPLOYMENT_TARGET = 14.0;
				LD_RUNPATH_SEARCH_PATHS = (
					"$(inherited)",
					"@executable_path/Frameworks",
					"@loader_path/Frameworks",
				);
				MARKETING_VERSION = 1.0;
				PRODUCT_BUNDLE_IDENTIFIER = com.ken.SwiftyNavigator;
				PRODUCT_NAME = "$(TARGET_NAME:c99extidentifier)";
				SKIP_INSTALL = YES;
				SUPPORTS_MACCATALYST = NO;
				SWIFT_EMIT_LOC_STRINGS = YES;
				SWIFT_VERSION = 5.0;
				TARGETED_DEVICE_FAMILY = "1,2";
			};
			name = Debug;
		};
		DA02D60527E5579300AAECDE /* Release */ = {
			isa = XCBuildConfiguration;
			buildSettings = {
				CODE_SIGN_STYLE = Automatic;
				CURRENT_PROJECT_VERSION = 1;
				DEFINES_MODULE = YES;
				DEVELOPMENT_TEAM = GTYP9QNGLH;
				DYLIB_COMPATIBILITY_VERSION = 1;
				DYLIB_CURRENT_VERSION = 1;
				DYLIB_INSTALL_NAME_BASE = "@rpath";
				GENERATE_INFOPLIST_FILE = YES;
				INFOPLIST_KEY_NSHumanReadableCopyright = "";
				INSTALL_PATH = "$(LOCAL_LIBRARY_DIR)/Frameworks";
				IPHONEOS_DEPLOYMENT_TARGET = 14.0;
				LD_RUNPATH_SEARCH_PATHS = (
					"$(inherited)",
					"@executable_path/Frameworks",
					"@loader_path/Frameworks",
				);
				MARKETING_VERSION = 1.0;
				PRODUCT_BUNDLE_IDENTIFIER = com.ken.SwiftyNavigator;
				PRODUCT_NAME = "$(TARGET_NAME:c99extidentifier)";
				SKIP_INSTALL = YES;
				SUPPORTS_MACCATALYST = NO;
				SWIFT_EMIT_LOC_STRINGS = YES;
				SWIFT_VERSION = 5.0;
				TARGETED_DEVICE_FAMILY = "1,2";
			};
			name = Release;
		};
		DA02D60727E5579300AAECDE /* Debug */ = {
			isa = XCBuildConfiguration;
			buildSettings = {
				ALWAYS_EMBED_SWIFT_STANDARD_LIBRARIES = YES;
				CODE_SIGN_STYLE = Automatic;
				CURRENT_PROJECT_VERSION = 1;
				DEVELOPMENT_TEAM = GTYP9QNGLH;
				GENERATE_INFOPLIST_FILE = YES;
				MARKETING_VERSION = 1.0;
				PRODUCT_BUNDLE_IDENTIFIER = com.ken.SwiftyNavigatorTests;
				PRODUCT_NAME = "$(TARGET_NAME)";
				SWIFT_EMIT_LOC_STRINGS = NO;
				SWIFT_VERSION = 5.0;
				TARGETED_DEVICE_FAMILY = "1,2";
			};
			name = Debug;
		};
		DA02D60827E5579300AAECDE /* Release */ = {
			isa = XCBuildConfiguration;
			buildSettings = {
				ALWAYS_EMBED_SWIFT_STANDARD_LIBRARIES = YES;
				CODE_SIGN_STYLE = Automatic;
				CURRENT_PROJECT_VERSION = 1;
				DEVELOPMENT_TEAM = GTYP9QNGLH;
				GENERATE_INFOPLIST_FILE = YES;
				MARKETING_VERSION = 1.0;
				PRODUCT_BUNDLE_IDENTIFIER = com.ken.SwiftyNavigatorTests;
				PRODUCT_NAME = "$(TARGET_NAME)";
				SWIFT_EMIT_LOC_STRINGS = NO;
				SWIFT_VERSION = 5.0;
				TARGETED_DEVICE_FAMILY = "1,2";
			};
			name = Release;
		};
/* End XCBuildConfiguration section */

/* Begin XCConfigurationList section */
		DA02D5E927E5579300AAECDE /* Build configuration list for PBXProject "SwiftyNavigator" */ = {
			isa = XCConfigurationList;
			buildConfigurations = (
				DA02D60127E5579300AAECDE /* Debug */,
				DA02D60227E5579300AAECDE /* Release */,
			);
			defaultConfigurationIsVisible = 0;
			defaultConfigurationName = Release;
		};
		DA02D60327E5579300AAECDE /* Build configuration list for PBXNativeTarget "SwiftyNavigator" */ = {
			isa = XCConfigurationList;
			buildConfigurations = (
				DA02D60427E5579300AAECDE /* Debug */,
				DA02D60527E5579300AAECDE /* Release */,
			);
			defaultConfigurationIsVisible = 0;
			defaultConfigurationName = Release;
		};
		DA02D60627E5579300AAECDE /* Build configuration list for PBXNativeTarget "SwiftyNavigatorTests" */ = {
			isa = XCConfigurationList;
			buildConfigurations = (
				DA02D60727E5579300AAECDE /* Debug */,
				DA02D60827E5579300AAECDE /* Release */,
			);
			defaultConfigurationIsVisible = 0;
			defaultConfigurationName = Release;
		};
/* End XCConfigurationList section */
	};
	rootObject = DA02D5E627E5579300AAECDE /* Project object */;
}
